
Microsoft Visual Studio Solution File, Format Version 12.00
# Visual Studio Version 17
VisualStudioVersion = 17.10.35201.131
MinimumVisualStudioVersion = 10.0.40219.1
Project("{FAE04EC0-301F-11D3-BF4B-00C04F79EFBC}") = "BalanceApi", "BalanceApi.csproj", "{69ACFA5F-0416-45B8-957B-9421FCA28B99}"
EndProject
Global
	GlobalSection(SolutionConfigurationPlatforms) = preSolution
		Debug|Any CPU = Debug|Any CPU
		Release|Any CPU = Release|Any CPU
	EndGlobalSection
	GlobalSection(ProjectConfigurationPlatforms) = postSolution
		{69ACFA5F-0416-45B8-957B-9421FCA28B99}.Debug|Any CPU.ActiveCfg = Debug|Any CPU
		{69ACFA5F-0416-45B8-957B-9421FCA28B99}.Debug|Any CPU.Build.0 = Debug|Any CPU
		{69ACFA5F-0416-45B8-957B-9421FCA28B99}.Release|Any CPU.ActiveCfg = Release|Any CPU
		{69ACFA5F-0416-45B8-957B-9421FCA28B99}.Release|Any CPU.Build.0 = Release|Any CPU
	EndGlobalSection
	GlobalSection(SolutionProperties) = preSolution
		HideSolutionNode = FALSE
	EndGlobalSection
	GlobalSection(ExtensibilityGlobals) = postSolution
		SolutionGuid = {7519ACBA-5356-4222-9626-71DD51CC880A}
	EndGlobalSection
EndGlobal
